
Microsoft Visual Studio Solution File, Format Version 12.00
# Visual Studio Version 17
VisualStudioVersion = 17.14.36109.1
MinimumVisualStudioVersion = 10.0.40219.1
Project("{8BC9CEB8-8B4A-11D0-8D11-00A0C91BC942}") = "01_intro_to_Cplusplus", "01_intro_to_Cplusplus\01_intro_to_Cplusplus.vcxproj", "{DD255C86-B706-4235-BFBC-7B1C222A6E81}"
EndProject
Project("{8BC9CEB8-8B4A-11D0-8D11-00A0C91BC942}") = "02_data_type", "02_data_type\02_data_type.vcxproj", "{45DC153F-274A-438A-821D-AE313592B27E}"
EndProject
Project("{8BC9CEB8-8B4A-11D0-8D11-00A0C91BC942}") = "03_operators.cpp", "03_operators.cpp\03_operators.cpp.vcxproj", "{160D06C6-390D-4B3F-9957-BD1C21E68441}"
EndProject
Project("{8BC9CEB8-8B4A-11D0-8D11-00A0C91BC942}") = "03_practice.cpp", "03_practice.cpp\03_practice.cpp.vcxproj", "{533F1881-0C7F-48B0-9736-D879AD9B81F2}"
EndProject
Project("{8BC9CEB8-8B4A-11D0-8D11-00A0C91BC942}") = "04_enum_hookles.cpp", "04_enum_hookles.cpp\04_enum_hookles.cpp.vcxproj", "{4F05FE2E-3847-4162-AD19-7DA89DED70E0}"
EndProject
Project("{8BC9CEB8-8B4A-11D0-8D11-00A0C91BC942}") = "04_practice", "04_practice\04_practice.vcxproj", "{90FF7C6F-13B6-4019-B861-F1C544FE24E1}"
EndProject
Project("{8BC9CEB8-8B4A-11D0-8D11-00A0C91BC942}") = "05_include_cycles", "04_include_cycles\04_include_cycles.vcxproj", "{5125D853-9BB4-48CB-9D31-8C6DCDCAB4E5}"
EndProject
Project("{8BC9CEB8-8B4A-11D0-8D11-00A0C91BC942}") = "05_practice", "05_practice\05_practice.vcxproj", "{DAEBB4DD-6DED-41A7-BF4D-06B38F177F51}"
EndProject
Project("{8BC9CEB8-8B4A-11D0-8D11-00A0C91BC942}") = "06_masivs.html", "06_masivs.html\06_masivs.html.vcxproj", "{E7219031-B5A9-46E8-946D-448B86C050E0}"
EndProject
Project("{8BC9CEB8-8B4A-11D0-8D11-00A0C91BC942}") = "06_practice.cpp", "06_practice.cpp\06_practice.cpp.vcxproj", "{C3CC9EE0-AF9F-4C40-BB0E-E2DA91FCCF17}"
EndProject
Project("{8BC9CEB8-8B4A-11D0-8D11-00A0C91BC942}") = "06_practicec", "06_practicec\06_practicec.vcxproj", "{A2C5AC86-2FE2-4AF6-9185-98D17A0517FE}"
EndProject
Project("{8BC9CEB8-8B4A-11D0-8D11-00A0C91BC942}") = "08_function", "08_function\08_function.vcxproj", "{4F90C967-BD4E-4A43-99DA-8DD407C17E1C}"
EndProject
Project("{8BC9CEB8-8B4A-11D0-8D11-00A0C91BC942}") = "08_practice", "08_practice\08_practice.vcxproj", "{EA9B0D10-41F4-44C6-8387-C095662493AA}"
EndProject
Project("{8BC9CEB8-8B4A-11D0-8D11-00A0C91BC942}") = "09_Template_function", "09_Template_function\09_Template_function.vcxproj", "{D5CC5105-6897-4600-8624-5FFBD60EA5BA}"
EndProject
Project("{8BC9CEB8-8B4A-11D0-8D11-00A0C91BC942}") = "09_practice", "09_practice\09_practice.vcxproj", "{482CD4D5-0DB5-4638-961E-8E8620FE6110}"
EndProject
Project("{8BC9CEB8-8B4A-11D0-8D11-00A0C91BC942}") = "10_linear_search_sort", "10_linear_search_sort\10_linear_search_sort.vcxproj", "{09577925-7D32-470A-A648-981EB5277953}"
EndProject
Project("{8BC9CEB8-8B4A-11D0-8D11-00A0C91BC942}") = "10_practice", "10_practice\10_practice.vcxproj", "{DE182303-3CC6-4477-83DF-AC145683B0E1}"
EndProject
Project("{8BC9CEB8-8B4A-11D0-8D11-00A0C91BC942}") = "10_recursion", "10_recursion\10_recursion.vcxproj", "{50A69E10-47FE-4137-9A0F-97855EE0F3D4}"
EndProject
Project("{8BC9CEB8-8B4A-11D0-8D11-00A0C91BC942}") = "11_practice", "11_practice\11_practice.vcxproj", "{061E5986-B5A4-4A36-807B-308E66F825A9}"
EndProject
Project("{8BC9CEB8-8B4A-11D0-8D11-00A0C91BC942}") = "12_pointers", "12_pointers\12_pointers.vcxproj", "{3EEF73D3-7DBE-4F19-AB87-31534325A2E6}"
EndProject
Project("{8BC9CEB8-8B4A-11D0-8D11-00A0C91BC942}") = "12_practice", "12_practice\12_practice.vcxproj", "{C60C7CCC-C900-4B9F-8ADC-78AAB1B8CF2F}"
EndProject
Project("{8BC9CEB8-8B4A-11D0-8D11-00A0C91BC942}") = "13_links_Dynamic_memory", "13_links_Dynamic_memory\13_links_Dynamic_memory.vcxproj", "{170F512E-BBE9-47CC-909E-6AE6A6D049A9}"
EndProject
Project("{8BC9CEB8-8B4A-11D0-8D11-00A0C91BC942}") = "13_practice", "13_practice\13_practice.vcxproj", "{09CBC08E-F6B6-4503-9C47-FB8E6F374B66}"
EndProject
Project("{8BC9CEB8-8B4A-11D0-8D11-00A0C91BC942}") = "14_dynamicTwoDimentionArrays", "14_dynamicTwoDimentionArrays\14_dynamicTwoDimentionArrays.vcxproj", "{18044659-C4A1-40AB-A603-27F2C5DD1947}"
EndProject
Project("{8BC9CEB8-8B4A-11D0-8D11-00A0C91BC942}") = "14_practice", "14_practice\14_practice.vcxproj", "{59FD8898-158C-4749-9CB6-3D738F26942E}"
EndProject
Project("{8BC9CEB8-8B4A-11D0-8D11-00A0C91BC942}") = "15_C_Style_Rows", "15_C_Style_Rows\15_C_Style_Rows.vcxproj", "{4A627521-FB89-4CEA-8B37-183C8A4C156F}"
EndProject
Project("{8BC9CEB8-8B4A-11D0-8D11-00A0C91BC942}") = "15_practice", "15_practice\15_practice.vcxproj", "{7281613D-3665-4D12-88C2-A4AB9EBBE060}"
EndProject
Project("{8BC9CEB8-8B4A-11D0-8D11-00A0C91BC942}") = "16_Struct", "16_Struct\16_Struct.vcxproj", "{52259D28-B5D1-44C8-81F4-C84094F6810F}"
EndProject
Project("{8BC9CEB8-8B4A-11D0-8D11-00A0C91BC942}") = "16_practice", "16_practice\16_practice.vcxproj", "{CCABF2D5-EB05-475D-AAD8-C8DE7815CE40}"
EndProject
Project("{8BC9CEB8-8B4A-11D0-8D11-00A0C91BC942}") = "17_struct_work_with_file", "17_struct_work_with_file\17_struct_work_with_file.vcxproj", "{1B029FF0-F198-4A91-B2C4-29872C5D2DCE}"
EndProject
Project("{8BC9CEB8-8B4A-11D0-8D11-00A0C91BC942}") = "17_practice", "17_practice\17_practice.vcxproj", "{2461B664-FBF5-4C16-A55C-2E049DB6C82E}"
EndProject
Project("{8BC9CEB8-8B4A-11D0-8D11-00A0C91BC942}") = "18_Saving_Struct_to_file", "18_Saving_Struct_to_file\18_Saving_Struct_to_file.vcxproj", "{3C693955-C62C-4F08-989D-1AD925A19E78}"
EndProject
Project("{8BC9CEB8-8B4A-11D0-8D11-00A0C91BC942}") = "18_practice", "18_practice\18_practice.vcxproj", "{3BDA9EDF-7668-433F-A118-3D81F436A2C8}"
EndProject
Global
	GlobalSection(SolutionConfigurationPlatforms) = preSolution
		Debug|Any CPU = Debug|Any CPU
		Debug|x64 = Debug|x64
		Debug|x86 = Debug|x86
		Release|Any CPU = Release|Any CPU
		Release|x64 = Release|x64
		Release|x86 = Release|x86
	EndGlobalSection
	GlobalSection(ProjectConfigurationPlatforms) = postSolution
		{DD255C86-B706-4235-BFBC-7B1C222A6E81}.Debug|Any CPU.ActiveCfg = Debug|x64
		{DD255C86-B706-4235-BFBC-7B1C222A6E81}.Debug|Any CPU.Build.0 = Debug|x64
		{DD255C86-B706-4235-BFBC-7B1C222A6E81}.Debug|x64.ActiveCfg = Debug|x64
		{DD255C86-B706-4235-BFBC-7B1C222A6E81}.Debug|x64.Build.0 = Debug|x64
		{DD255C86-B706-4235-BFBC-7B1C222A6E81}.Debug|x86.ActiveCfg = Debug|Win32
		{DD255C86-B706-4235-BFBC-7B1C222A6E81}.Debug|x86.Build.0 = Debug|Win32
		{DD255C86-B706-4235-BFBC-7B1C222A6E81}.Release|Any CPU.ActiveCfg = Release|x64
		{DD255C86-B706-4235-BFBC-7B1C222A6E81}.Release|Any CPU.Build.0 = Release|x64
		{DD255C86-B706-4235-BFBC-7B1C222A6E81}.Release|x64.ActiveCfg = Release|x64
		{DD255C86-B706-4235-BFBC-7B1C222A6E81}.Release|x64.Build.0 = Release|x64
		{DD255C86-B706-4235-BFBC-7B1C222A6E81}.Release|x86.ActiveCfg = Release|Win32
		{DD255C86-B706-4235-BFBC-7B1C222A6E81}.Release|x86.Build.0 = Release|Win32
		{45DC153F-274A-438A-821D-AE313592B27E}.Debug|Any CPU.ActiveCfg = Debug|x64
		{45DC153F-274A-438A-821D-AE313592B27E}.Debug|Any CPU.Build.0 = Debug|x64
		{45DC153F-274A-438A-821D-AE313592B27E}.Debug|x64.ActiveCfg = Debug|x64
		{45DC153F-274A-438A-821D-AE313592B27E}.Debug|x64.Build.0 = Debug|x64
		{45DC153F-274A-438A-821D-AE313592B27E}.Debug|x86.ActiveCfg = Debug|Win32
		{45DC153F-274A-438A-821D-AE313592B27E}.Debug|x86.Build.0 = Debug|Win32
		{45DC153F-274A-438A-821D-AE313592B27E}.Release|Any CPU.ActiveCfg = Release|x64
		{45DC153F-274A-438A-821D-AE313592B27E}.Release|Any CPU.Build.0 = Release|x64
		{45DC153F-274A-438A-821D-AE313592B27E}.Release|x64.ActiveCfg = Release|x64
		{45DC153F-274A-438A-821D-AE313592B27E}.Release|x64.Build.0 = Release|x64
		{45DC153F-274A-438A-821D-AE313592B27E}.Release|x86.ActiveCfg = Release|Win32
		{45DC153F-274A-438A-821D-AE313592B27E}.Release|x86.Build.0 = Release|Win32
		{160D06C6-390D-4B3F-9957-BD1C21E68441}.Debug|Any CPU.ActiveCfg = Debug|x64
		{160D06C6-390D-4B3F-9957-BD1C21E68441}.Debug|Any CPU.Build.0 = Debug|x64
		{160D06C6-390D-4B3F-9957-BD1C21E68441}.Debug|x64.ActiveCfg = Debug|x64
		{160D06C6-390D-4B3F-9957-BD1C21E68441}.Debug|x64.Build.0 = Debug|x64
		{160D06C6-390D-4B3F-9957-BD1C21E68441}.Debug|x86.ActiveCfg = Debug|Win32
		{160D06C6-390D-4B3F-9957-BD1C21E68441}.Debug|x86.Build.0 = Debug|Win32
		{160D06C6-390D-4B3F-9957-BD1C21E68441}.Release|Any CPU.ActiveCfg = Release|x64
		{160D06C6-390D-4B3F-9957-BD1C21E68441}.Release|Any CPU.Build.0 = Release|x64
		{160D06C6-390D-4B3F-9957-BD1C21E68441}.Release|x64.ActiveCfg = Release|x64
		{160D06C6-390D-4B3F-9957-BD1C21E68441}.Release|x64.Build.0 = Release|x64
		{160D06C6-390D-4B3F-9957-BD1C21E68441}.Release|x86.ActiveCfg = Release|Win32
		{160D06C6-390D-4B3F-9957-BD1C21E68441}.Release|x86.Build.0 = Release|Win32
		{533F1881-0C7F-48B0-9736-D879AD9B81F2}.Debug|Any CPU.ActiveCfg = Debug|x64
		{533F1881-0C7F-48B0-9736-D879AD9B81F2}.Debug|Any CPU.Build.0 = Debug|x64
		{533F1881-0C7F-48B0-9736-D879AD9B81F2}.Debug|x64.ActiveCfg = Debug|x64
		{533F1881-0C7F-48B0-9736-D879AD9B81F2}.Debug|x64.Build.0 = Debug|x64
		{533F1881-0C7F-48B0-9736-D879AD9B81F2}.Debug|x86.ActiveCfg = Debug|Win32
		{533F1881-0C7F-48B0-9736-D879AD9B81F2}.Debug|x86.Build.0 = Debug|Win32
		{533F1881-0C7F-48B0-9736-D879AD9B81F2}.Release|Any CPU.ActiveCfg = Release|x64
		{533F1881-0C7F-48B0-9736-D879AD9B81F2}.Release|Any CPU.Build.0 = Release|x64
		{533F1881-0C7F-48B0-9736-D879AD9B81F2}.Release|x64.ActiveCfg = Release|x64
		{533F1881-0C7F-48B0-9736-D879AD9B81F2}.Release|x64.Build.0 = Release|x64
		{533F1881-0C7F-48B0-9736-D879AD9B81F2}.Release|x86.ActiveCfg = Release|Win32
		{533F1881-0C7F-48B0-9736-D879AD9B81F2}.Release|x86.Build.0 = Release|Win32
		{4F05FE2E-3847-4162-AD19-7DA89DED70E0}.Debug|Any CPU.ActiveCfg = Debug|x64
		{4F05FE2E-3847-4162-AD19-7DA89DED70E0}.Debug|Any CPU.Build.0 = Debug|x64
		{4F05FE2E-3847-4162-AD19-7DA89DED70E0}.Debug|x64.ActiveCfg = Debug|x64
		{4F05FE2E-3847-4162-AD19-7DA89DED70E0}.Debug|x64.Build.0 = Debug|x64
		{4F05FE2E-3847-4162-AD19-7DA89DED70E0}.Debug|x86.ActiveCfg = Debug|Win32
		{4F05FE2E-3847-4162-AD19-7DA89DED70E0}.Debug|x86.Build.0 = Debug|Win32
		{4F05FE2E-3847-4162-AD19-7DA89DED70E0}.Release|Any CPU.ActiveCfg = Release|x64
		{4F05FE2E-3847-4162-AD19-7DA89DED70E0}.Release|Any CPU.Build.0 = Release|x64
		{4F05FE2E-3847-4162-AD19-7DA89DED70E0}.Release|x64.ActiveCfg = Release|x64
		{4F05FE2E-3847-4162-AD19-7DA89DED70E0}.Release|x64.Build.0 = Release|x64
		{4F05FE2E-3847-4162-AD19-7DA89DED70E0}.Release|x86.ActiveCfg = Release|Win32
		{4F05FE2E-3847-4162-AD19-7DA89DED70E0}.Release|x86.Build.0 = Release|Win32
		{90FF7C6F-13B6-4019-B861-F1C544FE24E1}.Debug|Any CPU.ActiveCfg = Debug|x64
		{90FF7C6F-13B6-4019-B861-F1C544FE24E1}.Debug|Any CPU.Build.0 = Debug|x64
		{90FF7C6F-13B6-4019-B861-F1C544FE24E1}.Debug|x64.ActiveCfg = Debug|x64
		{90FF7C6F-13B6-4019-B861-F1C544FE24E1}.Debug|x64.Build.0 = Debug|x64
		{90FF7C6F-13B6-4019-B861-F1C544FE24E1}.Debug|x86.ActiveCfg = Debug|Win32
		{90FF7C6F-13B6-4019-B861-F1C544FE24E1}.Debug|x86.Build.0 = Debug|Win32
		{90FF7C6F-13B6-4019-B861-F1C544FE24E1}.Release|Any CPU.ActiveCfg = Release|x64
		{90FF7C6F-13B6-4019-B861-F1C544FE24E1}.Release|Any CPU.Build.0 = Release|x64
		{90FF7C6F-13B6-4019-B861-F1C544FE24E1}.Release|x64.ActiveCfg = Release|x64
		{90FF7C6F-13B6-4019-B861-F1C544FE24E1}.Release|x64.Build.0 = Release|x64
		{90FF7C6F-13B6-4019-B861-F1C544FE24E1}.Release|x86.ActiveCfg = Release|Win32
		{90FF7C6F-13B6-4019-B861-F1C544FE24E1}.Release|x86.Build.0 = Release|Win32
		{5125D853-9BB4-48CB-9D31-8C6DCDCAB4E5}.Debug|Any CPU.ActiveCfg = Debug|x64
		{5125D853-9BB4-48CB-9D31-8C6DCDCAB4E5}.Debug|Any CPU.Build.0 = Debug|x64
		{5125D853-9BB4-48CB-9D31-8C6DCDCAB4E5}.Debug|x64.ActiveCfg = Debug|x64
		{5125D853-9BB4-48CB-9D31-8C6DCDCAB4E5}.Debug|x64.Build.0 = Debug|x64
		{5125D853-9BB4-48CB-9D31-8C6DCDCAB4E5}.Debug|x86.ActiveCfg = Debug|Win32
		{5125D853-9BB4-48CB-9D31-8C6DCDCAB4E5}.Debug|x86.Build.0 = Debug|Win32
		{5125D853-9BB4-48CB-9D31-8C6DCDCAB4E5}.Release|Any CPU.ActiveCfg = Release|x64
		{5125D853-9BB4-48CB-9D31-8C6DCDCAB4E5}.Release|Any CPU.Build.0 = Release|x64
		{5125D853-9BB4-48CB-9D31-8C6DCDCAB4E5}.Release|x64.ActiveCfg = Release|x64
		{5125D853-9BB4-48CB-9D31-8C6DCDCAB4E5}.Release|x64.Build.0 = Release|x64
		{5125D853-9BB4-48CB-9D31-8C6DCDCAB4E5}.Release|x86.ActiveCfg = Release|Win32
		{5125D853-9BB4-48CB-9D31-8C6DCDCAB4E5}.Release|x86.Build.0 = Release|Win32
		{DAEBB4DD-6DED-41A7-BF4D-06B38F177F51}.Debug|Any CPU.ActiveCfg = Debug|x64
		{DAEBB4DD-6DED-41A7-BF4D-06B38F177F51}.Debug|Any CPU.Build.0 = Debug|x64
		{DAEBB4DD-6DED-41A7-BF4D-06B38F177F51}.Debug|x64.ActiveCfg = Debug|x64
		{DAEBB4DD-6DED-41A7-BF4D-06B38F177F51}.Debug|x64.Build.0 = Debug|x64
		{DAEBB4DD-6DED-41A7-BF4D-06B38F177F51}.Debug|x86.ActiveCfg = Debug|Win32
		{DAEBB4DD-6DED-41A7-BF4D-06B38F177F51}.Debug|x86.Build.0 = Debug|Win32
		{DAEBB4DD-6DED-41A7-BF4D-06B38F177F51}.Release|Any CPU.ActiveCfg = Release|x64
		{DAEBB4DD-6DED-41A7-BF4D-06B38F177F51}.Release|Any CPU.Build.0 = Release|x64
		{DAEBB4DD-6DED-41A7-BF4D-06B38F177F51}.Release|x64.ActiveCfg = Release|x64
		{DAEBB4DD-6DED-41A7-BF4D-06B38F177F51}.Release|x64.Build.0 = Release|x64
		{DAEBB4DD-6DED-41A7-BF4D-06B38F177F51}.Release|x86.ActiveCfg = Release|Win32
		{DAEBB4DD-6DED-41A7-BF4D-06B38F177F51}.Release|x86.Build.0 = Release|Win32
		{E7219031-B5A9-46E8-946D-448B86C050E0}.Debug|Any CPU.ActiveCfg = Debug|x64
		{E7219031-B5A9-46E8-946D-448B86C050E0}.Debug|Any CPU.Build.0 = Debug|x64
		{E7219031-B5A9-46E8-946D-448B86C050E0}.Debug|x64.ActiveCfg = Debug|x64
		{E7219031-B5A9-46E8-946D-448B86C050E0}.Debug|x64.Build.0 = Debug|x64
		{E7219031-B5A9-46E8-946D-448B86C050E0}.Debug|x86.ActiveCfg = Debug|Win32
		{E7219031-B5A9-46E8-946D-448B86C050E0}.Debug|x86.Build.0 = Debug|Win32
		{E7219031-B5A9-46E8-946D-448B86C050E0}.Release|Any CPU.ActiveCfg = Release|x64
		{E7219031-B5A9-46E8-946D-448B86C050E0}.Release|Any CPU.Build.0 = Release|x64
		{E7219031-B5A9-46E8-946D-448B86C050E0}.Release|x64.ActiveCfg = Release|x64
		{E7219031-B5A9-46E8-946D-448B86C050E0}.Release|x64.Build.0 = Release|x64
		{E7219031-B5A9-46E8-946D-448B86C050E0}.Release|x86.ActiveCfg = Release|Win32
		{E7219031-B5A9-46E8-946D-448B86C050E0}.Release|x86.Build.0 = Release|Win32
		{C3CC9EE0-AF9F-4C40-BB0E-E2DA91FCCF17}.Debug|Any CPU.ActiveCfg = Debug|x64
		{C3CC9EE0-AF9F-4C40-BB0E-E2DA91FCCF17}.Debug|Any CPU.Build.0 = Debug|x64
		{C3CC9EE0-AF9F-4C40-BB0E-E2DA91FCCF17}.Debug|x64.ActiveCfg = Debug|x64
		{C3CC9EE0-AF9F-4C40-BB0E-E2DA91FCCF17}.Debug|x64.Build.0 = Debug|x64
		{C3CC9EE0-AF9F-4C40-BB0E-E2DA91FCCF17}.Debug|x86.ActiveCfg = Debug|Win32
		{C3CC9EE0-AF9F-4C40-BB0E-E2DA91FCCF17}.Debug|x86.Build.0 = Debug|Win32
		{C3CC9EE0-AF9F-4C40-BB0E-E2DA91FCCF17}.Release|Any CPU.ActiveCfg = Release|x64
		{C3CC9EE0-AF9F-4C40-BB0E-E2DA91FCCF17}.Release|Any CPU.Build.0 = Release|x64
		{C3CC9EE0-AF9F-4C40-BB0E-E2DA91FCCF17}.Release|x64.ActiveCfg = Release|x64
		{C3CC9EE0-AF9F-4C40-BB0E-E2DA91FCCF17}.Release|x64.Build.0 = Release|x64
		{C3CC9EE0-AF9F-4C40-BB0E-E2DA91FCCF17}.Release|x86.ActiveCfg = Release|Win32
		{C3CC9EE0-AF9F-4C40-BB0E-E2DA91FCCF17}.Release|x86.Build.0 = Release|Win32
		{A2C5AC86-2FE2-4AF6-9185-98D17A0517FE}.Debug|Any CPU.ActiveCfg = Debug|x64
		{A2C5AC86-2FE2-4AF6-9185-98D17A0517FE}.Debug|Any CPU.Build.0 = Debug|x64
		{A2C5AC86-2FE2-4AF6-9185-98D17A0517FE}.Debug|x64.ActiveCfg = Debug|x64
		{A2C5AC86-2FE2-4AF6-9185-98D17A0517FE}.Debug|x64.Build.0 = Debug|x64
		{A2C5AC86-2FE2-4AF6-9185-98D17A0517FE}.Debug|x86.ActiveCfg = Debug|Win32
		{A2C5AC86-2FE2-4AF6-9185-98D17A0517FE}.Debug|x86.Build.0 = Debug|Win32
		{A2C5AC86-2FE2-4AF6-9185-98D17A0517FE}.Release|Any CPU.ActiveCfg = Release|x64
		{A2C5AC86-2FE2-4AF6-9185-98D17A0517FE}.Release|Any CPU.Build.0 = Release|x64
		{A2C5AC86-2FE2-4AF6-9185-98D17A0517FE}.Release|x64.ActiveCfg = Release|x64
		{A2C5AC86-2FE2-4AF6-9185-98D17A0517FE}.Release|x64.Build.0 = Release|x64
		{A2C5AC86-2FE2-4AF6-9185-98D17A0517FE}.Release|x86.ActiveCfg = Release|Win32
		{A2C5AC86-2FE2-4AF6-9185-98D17A0517FE}.Release|x86.Build.0 = Release|Win32
		{4F90C967-BD4E-4A43-99DA-8DD407C17E1C}.Debug|Any CPU.ActiveCfg = Debug|x64
		{4F90C967-BD4E-4A43-99DA-8DD407C17E1C}.Debug|Any CPU.Build.0 = Debug|x64
		{4F90C967-BD4E-4A43-99DA-8DD407C17E1C}.Debug|x64.ActiveCfg = Debug|x64
		{4F90C967-BD4E-4A43-99DA-8DD407C17E1C}.Debug|x64.Build.0 = Debug|x64
		{4F90C967-BD4E-4A43-99DA-8DD407C17E1C}.Debug|x86.ActiveCfg = Debug|Win32
		{4F90C967-BD4E-4A43-99DA-8DD407C17E1C}.Debug|x86.Build.0 = Debug|Win32
		{4F90C967-BD4E-4A43-99DA-8DD407C17E1C}.Release|Any CPU.ActiveCfg = Release|x64
		{4F90C967-BD4E-4A43-99DA-8DD407C17E1C}.Release|Any CPU.Build.0 = Release|x64
		{4F90C967-BD4E-4A43-99DA-8DD407C17E1C}.Release|x64.ActiveCfg = Release|x64
		{4F90C967-BD4E-4A43-99DA-8DD407C17E1C}.Release|x64.Build.0 = Release|x64
		{4F90C967-BD4E-4A43-99DA-8DD407C17E1C}.Release|x86.ActiveCfg = Release|Win32
		{4F90C967-BD4E-4A43-99DA-8DD407C17E1C}.Release|x86.Build.0 = Release|Win32
		{EA9B0D10-41F4-44C6-8387-C095662493AA}.Debug|Any CPU.ActiveCfg = Debug|x64
		{EA9B0D10-41F4-44C6-8387-C095662493AA}.Debug|Any CPU.Build.0 = Debug|x64
		{EA9B0D10-41F4-44C6-8387-C095662493AA}.Debug|x64.ActiveCfg = Debug|x64
		{EA9B0D10-41F4-44C6-8387-C095662493AA}.Debug|x64.Build.0 = Debug|x64
		{EA9B0D10-41F4-44C6-8387-C095662493AA}.Debug|x86.ActiveCfg = Debug|Win32
		{EA9B0D10-41F4-44C6-8387-C095662493AA}.Debug|x86.Build.0 = Debug|Win32
		{EA9B0D10-41F4-44C6-8387-C095662493AA}.Release|Any CPU.ActiveCfg = Release|x64
		{EA9B0D10-41F4-44C6-8387-C095662493AA}.Release|Any CPU.Build.0 = Release|x64
		{EA9B0D10-41F4-44C6-8387-C095662493AA}.Release|x64.ActiveCfg = Release|x64
		{EA9B0D10-41F4-44C6-8387-C095662493AA}.Release|x64.Build.0 = Release|x64
		{EA9B0D10-41F4-44C6-8387-C095662493AA}.Release|x86.ActiveCfg = Release|Win32
		{EA9B0D10-41F4-44C6-8387-C095662493AA}.Release|x86.Build.0 = Release|Win32
		{D5CC5105-6897-4600-8624-5FFBD60EA5BA}.Debug|Any CPU.ActiveCfg = Debug|x64
		{D5CC5105-6897-4600-8624-5FFBD60EA5BA}.Debug|Any CPU.Build.0 = Debug|x64
		{D5CC5105-6897-4600-8624-5FFBD60EA5BA}.Debug|x64.ActiveCfg = Debug|x64
		{D5CC5105-6897-4600-8624-5FFBD60EA5BA}.Debug|x64.Build.0 = Debug|x64
		{D5CC5105-6897-4600-8624-5FFBD60EA5BA}.Debug|x86.ActiveCfg = Debug|Win32
		{D5CC5105-6897-4600-8624-5FFBD60EA5BA}.Debug|x86.Build.0 = Debug|Win32
		{D5CC5105-6897-4600-8624-5FFBD60EA5BA}.Release|Any CPU.ActiveCfg = Release|x64
		{D5CC5105-6897-4600-8624-5FFBD60EA5BA}.Release|Any CPU.Build.0 = Release|x64
		{D5CC5105-6897-4600-8624-5FFBD60EA5BA}.Release|x64.ActiveCfg = Release|x64
		{D5CC5105-6897-4600-8624-5FFBD60EA5BA}.Release|x64.Build.0 = Release|x64
		{D5CC5105-6897-4600-8624-5FFBD60EA5BA}.Release|x86.ActiveCfg = Release|Win32
		{D5CC5105-6897-4600-8624-5FFBD60EA5BA}.Release|x86.Build.0 = Release|Win32
		{482CD4D5-0DB5-4638-961E-8E8620FE6110}.Debug|Any CPU.ActiveCfg = Debug|x64
		{482CD4D5-0DB5-4638-961E-8E8620FE6110}.Debug|Any CPU.Build.0 = Debug|x64
		{482CD4D5-0DB5-4638-961E-8E8620FE6110}.Debug|x64.ActiveCfg = Debug|x64
		{482CD4D5-0DB5-4638-961E-8E8620FE6110}.Debug|x64.Build.0 = Debug|x64
		{482CD4D5-0DB5-4638-961E-8E8620FE6110}.Debug|x86.ActiveCfg = Debug|Win32
		{482CD4D5-0DB5-4638-961E-8E8620FE6110}.Debug|x86.Build.0 = Debug|Win32
		{482CD4D5-0DB5-4638-961E-8E8620FE6110}.Release|Any CPU.ActiveCfg = Release|x64
		{482CD4D5-0DB5-4638-961E-8E8620FE6110}.Release|Any CPU.Build.0 = Release|x64
		{482CD4D5-0DB5-4638-961E-8E8620FE6110}.Release|x64.ActiveCfg = Release|x64
		{482CD4D5-0DB5-4638-961E-8E8620FE6110}.Release|x64.Build.0 = Release|x64
		{482CD4D5-0DB5-4638-961E-8E8620FE6110}.Release|x86.ActiveCfg = Release|Win32
		{482CD4D5-0DB5-4638-961E-8E8620FE6110}.Release|x86.Build.0 = Release|Win32
		{09577925-7D32-470A-A648-981EB5277953}.Debug|Any CPU.ActiveCfg = Debug|x64
		{09577925-7D32-470A-A648-981EB5277953}.Debug|Any CPU.Build.0 = Debug|x64
		{09577925-7D32-470A-A648-981EB5277953}.Debug|x64.ActiveCfg = Debug|x64
		{09577925-7D32-470A-A648-981EB5277953}.Debug|x64.Build.0 = Debug|x64
		{09577925-7D32-470A-A648-981EB5277953}.Debug|x86.ActiveCfg = Debug|Win32
		{09577925-7D32-470A-A648-981EB5277953}.Debug|x86.Build.0 = Debug|Win32
		{09577925-7D32-470A-A648-981EB5277953}.Release|Any CPU.ActiveCfg = Release|x64
		{09577925-7D32-470A-A648-981EB5277953}.Release|Any CPU.Build.0 = Release|x64
		{09577925-7D32-470A-A648-981EB5277953}.Release|x64.ActiveCfg = Release|x64
		{09577925-7D32-470A-A648-981EB5277953}.Release|x64.Build.0 = Release|x64
		{09577925-7D32-470A-A648-981EB5277953}.Release|x86.ActiveCfg = Release|Win32
		{09577925-7D32-470A-A648-981EB5277953}.Release|x86.Build.0 = Release|Win32
		{DE182303-3CC6-4477-83DF-AC145683B0E1}.Debug|Any CPU.ActiveCfg = Debug|x64
		{DE182303-3CC6-4477-83DF-AC145683B0E1}.Debug|Any CPU.Build.0 = Debug|x64
		{DE182303-3CC6-4477-83DF-AC145683B0E1}.Debug|x64.ActiveCfg = Debug|x64
		{DE182303-3CC6-4477-83DF-AC145683B0E1}.Debug|x64.Build.0 = Debug|x64
		{DE182303-3CC6-4477-83DF-AC145683B0E1}.Debug|x86.ActiveCfg = Debug|Win32
		{DE182303-3CC6-4477-83DF-AC145683B0E1}.Debug|x86.Build.0 = Debug|Win32
		{DE182303-3CC6-4477-83DF-AC145683B0E1}.Release|Any CPU.ActiveCfg = Release|x64
		{DE182303-3CC6-4477-83DF-AC145683B0E1}.Release|Any CPU.Build.0 = Release|x64
		{DE182303-3CC6-4477-83DF-AC145683B0E1}.Release|x64.ActiveCfg = Release|x64
		{DE182303-3CC6-4477-83DF-AC145683B0E1}.Release|x64.Build.0 = Release|x64
		{DE182303-3CC6-4477-83DF-AC145683B0E1}.Release|x86.ActiveCfg = Release|Win32
		{DE182303-3CC6-4477-83DF-AC145683B0E1}.Release|x86.Build.0 = Release|Win32
		{50A69E10-47FE-4137-9A0F-97855EE0F3D4}.Debug|Any CPU.ActiveCfg = Debug|x64
		{50A69E10-47FE-4137-9A0F-97855EE0F3D4}.Debug|Any CPU.Build.0 = Debug|x64
		{50A69E10-47FE-4137-9A0F-97855EE0F3D4}.Debug|x64.ActiveCfg = Debug|x64
		{50A69E10-47FE-4137-9A0F-97855EE0F3D4}.Debug|x64.Build.0 = Debug|x64
		{50A69E10-47FE-4137-9A0F-97855EE0F3D4}.Debug|x86.ActiveCfg = Debug|Win32
		{50A69E10-47FE-4137-9A0F-97855EE0F3D4}.Debug|x86.Build.0 = Debug|Win32
		{50A69E10-47FE-4137-9A0F-97855EE0F3D4}.Release|Any CPU.ActiveCfg = Release|x64
		{50A69E10-47FE-4137-9A0F-97855EE0F3D4}.Release|Any CPU.Build.0 = Release|x64
		{50A69E10-47FE-4137-9A0F-97855EE0F3D4}.Release|x64.ActiveCfg = Release|x64
		{50A69E10-47FE-4137-9A0F-97855EE0F3D4}.Release|x64.Build.0 = Release|x64
		{50A69E10-47FE-4137-9A0F-97855EE0F3D4}.Release|x86.ActiveCfg = Release|Win32
		{50A69E10-47FE-4137-9A0F-97855EE0F3D4}.Release|x86.Build.0 = Release|Win32
		{061E5986-B5A4-4A36-807B-308E66F825A9}.Debug|Any CPU.ActiveCfg = Debug|x64
		{061E5986-B5A4-4A36-807B-308E66F825A9}.Debug|Any CPU.Build.0 = Debug|x64
		{061E5986-B5A4-4A36-807B-308E66F825A9}.Debug|x64.ActiveCfg = Debug|x64
		{061E5986-B5A4-4A36-807B-308E66F825A9}.Debug|x64.Build.0 = Debug|x64
		{061E5986-B5A4-4A36-807B-308E66F825A9}.Debug|x86.ActiveCfg = Debug|Win32
		{061E5986-B5A4-4A36-807B-308E66F825A9}.Debug|x86.Build.0 = Debug|Win32
		{061E5986-B5A4-4A36-807B-308E66F825A9}.Release|Any CPU.ActiveCfg = Release|x64
		{061E5986-B5A4-4A36-807B-308E66F825A9}.Release|Any CPU.Build.0 = Release|x64
		{061E5986-B5A4-4A36-807B-308E66F825A9}.Release|x64.ActiveCfg = Release|x64
		{061E5986-B5A4-4A36-807B-308E66F825A9}.Release|x64.Build.0 = Release|x64
		{061E5986-B5A4-4A36-807B-308E66F825A9}.Release|x86.ActiveCfg = Release|Win32
		{061E5986-B5A4-4A36-807B-308E66F825A9}.Release|x86.Build.0 = Release|Win32
		{3EEF73D3-7DBE-4F19-AB87-31534325A2E6}.Debug|Any CPU.ActiveCfg = Debug|x64
		{3EEF73D3-7DBE-4F19-AB87-31534325A2E6}.Debug|Any CPU.Build.0 = Debug|x64
		{3EEF73D3-7DBE-4F19-AB87-31534325A2E6}.Debug|x64.ActiveCfg = Debug|x64
		{3EEF73D3-7DBE-4F19-AB87-31534325A2E6}.Debug|x64.Build.0 = Debug|x64
		{3EEF73D3-7DBE-4F19-AB87-31534325A2E6}.Debug|x86.ActiveCfg = Debug|Win32
		{3EEF73D3-7DBE-4F19-AB87-31534325A2E6}.Debug|x86.Build.0 = Debug|Win32
		{3EEF73D3-7DBE-4F19-AB87-31534325A2E6}.Release|Any CPU.ActiveCfg = Release|x64
		{3EEF73D3-7DBE-4F19-AB87-31534325A2E6}.Release|Any CPU.Build.0 = Release|x64
		{3EEF73D3-7DBE-4F19-AB87-31534325A2E6}.Release|x64.ActiveCfg = Release|x64
		{3EEF73D3-7DBE-4F19-AB87-31534325A2E6}.Release|x64.Build.0 = Release|x64
		{3EEF73D3-7DBE-4F19-AB87-31534325A2E6}.Release|x86.ActiveCfg = Release|Win32
		{3EEF73D3-7DBE-4F19-AB87-31534325A2E6}.Release|x86.Build.0 = Release|Win32
		{C60C7CCC-C900-4B9F-8ADC-78AAB1B8CF2F}.Debug|Any CPU.ActiveCfg = Debug|x64
		{C60C7CCC-C900-4B9F-8ADC-78AAB1B8CF2F}.Debug|Any CPU.Build.0 = Debug|x64
		{C60C7CCC-C900-4B9F-8ADC-78AAB1B8CF2F}.Debug|x64.ActiveCfg = Debug|x64
		{C60C7CCC-C900-4B9F-8ADC-78AAB1B8CF2F}.Debug|x64.Build.0 = Debug|x64
		{C60C7CCC-C900-4B9F-8ADC-78AAB1B8CF2F}.Debug|x86.ActiveCfg = Debug|Win32
		{C60C7CCC-C900-4B9F-8ADC-78AAB1B8CF2F}.Debug|x86.Build.0 = Debug|Win32
		{C60C7CCC-C900-4B9F-8ADC-78AAB1B8CF2F}.Release|Any CPU.ActiveCfg = Release|x64
		{C60C7CCC-C900-4B9F-8ADC-78AAB1B8CF2F}.Release|Any CPU.Build.0 = Release|x64
		{C60C7CCC-C900-4B9F-8ADC-78AAB1B8CF2F}.Release|x64.ActiveCfg = Release|x64
		{C60C7CCC-C900-4B9F-8ADC-78AAB1B8CF2F}.Release|x64.Build.0 = Release|x64
		{C60C7CCC-C900-4B9F-8ADC-78AAB1B8CF2F}.Release|x86.ActiveCfg = Release|Win32
		{C60C7CCC-C900-4B9F-8ADC-78AAB1B8CF2F}.Release|x86.Build.0 = Release|Win32
		{170F512E-BBE9-47CC-909E-6AE6A6D049A9}.Debug|Any CPU.ActiveCfg = Debug|x64
		{170F512E-BBE9-47CC-909E-6AE6A6D049A9}.Debug|Any CPU.Build.0 = Debug|x64
		{170F512E-BBE9-47CC-909E-6AE6A6D049A9}.Debug|x64.ActiveCfg = Debug|x64
		{170F512E-BBE9-47CC-909E-6AE6A6D049A9}.Debug|x64.Build.0 = Debug|x64
		{170F512E-BBE9-47CC-909E-6AE6A6D049A9}.Debug|x86.ActiveCfg = Debug|Win32
		{170F512E-BBE9-47CC-909E-6AE6A6D049A9}.Debug|x86.Build.0 = Debug|Win32
		{170F512E-BBE9-47CC-909E-6AE6A6D049A9}.Release|Any CPU.ActiveCfg = Release|x64
		{170F512E-BBE9-47CC-909E-6AE6A6D049A9}.Release|Any CPU.Build.0 = Release|x64
		{170F512E-BBE9-47CC-909E-6AE6A6D049A9}.Release|x64.ActiveCfg = Release|x64
		{170F512E-BBE9-47CC-909E-6AE6A6D049A9}.Release|x64.Build.0 = Release|x64
		{170F512E-BBE9-47CC-909E-6AE6A6D049A9}.Release|x86.ActiveCfg = Release|Win32
		{170F512E-BBE9-47CC-909E-6AE6A6D049A9}.Release|x86.Build.0 = Release|Win32
		{09CBC08E-F6B6-4503-9C47-FB8E6F374B66}.Debug|Any CPU.ActiveCfg = Debug|x64
		{09CBC08E-F6B6-4503-9C47-FB8E6F374B66}.Debug|Any CPU.Build.0 = Debug|x64
		{09CBC08E-F6B6-4503-9C47-FB8E6F374B66}.Debug|x64.ActiveCfg = Debug|x64
		{09CBC08E-F6B6-4503-9C47-FB8E6F374B66}.Debug|x64.Build.0 = Debug|x64
		{09CBC08E-F6B6-4503-9C47-FB8E6F374B66}.Debug|x86.ActiveCfg = Debug|Win32
		{09CBC08E-F6B6-4503-9C47-FB8E6F374B66}.Debug|x86.Build.0 = Debug|Win32
		{09CBC08E-F6B6-4503-9C47-FB8E6F374B66}.Release|Any CPU.ActiveCfg = Release|x64
		{09CBC08E-F6B6-4503-9C47-FB8E6F374B66}.Release|Any CPU.Build.0 = Release|x64
		{09CBC08E-F6B6-4503-9C47-FB8E6F374B66}.Release|x64.ActiveCfg = Release|x64
		{09CBC08E-F6B6-4503-9C47-FB8E6F374B66}.Release|x64.Build.0 = Release|x64
		{09CBC08E-F6B6-4503-9C47-FB8E6F374B66}.Release|x86.ActiveCfg = Release|Win32
		{09CBC08E-F6B6-4503-9C47-FB8E6F374B66}.Release|x86.Build.0 = Release|Win32
		{18044659-C4A1-40AB-A603-27F2C5DD1947}.Debug|Any CPU.ActiveCfg = Debug|x64
		{18044659-C4A1-40AB-A603-27F2C5DD1947}.Debug|Any CPU.Build.0 = Debug|x64
		{18044659-C4A1-40AB-A603-27F2C5DD1947}.Debug|x64.ActiveCfg = Debug|x64
		{18044659-C4A1-40AB-A603-27F2C5DD1947}.Debug|x64.Build.0 = Debug|x64
		{18044659-C4A1-40AB-A603-27F2C5DD1947}.Debug|x86.ActiveCfg = Debug|Win32
		{18044659-C4A1-40AB-A603-27F2C5DD1947}.Debug|x86.Build.0 = Debug|Win32
		{18044659-C4A1-40AB-A603-27F2C5DD1947}.Release|Any CPU.ActiveCfg = Release|x64
		{18044659-C4A1-40AB-A603-27F2C5DD1947}.Release|Any CPU.Build.0 = Release|x64
		{18044659-C4A1-40AB-A603-27F2C5DD1947}.Release|x64.ActiveCfg = Release|x64
		{18044659-C4A1-40AB-A603-27F2C5DD1947}.Release|x64.Build.0 = Release|x64
		{18044659-C4A1-40AB-A603-27F2C5DD1947}.Release|x86.ActiveCfg = Release|Win32
		{18044659-C4A1-40AB-A603-27F2C5DD1947}.Release|x86.Build.0 = Release|Win32
		{59FD8898-158C-4749-9CB6-3D738F26942E}.Debug|Any CPU.ActiveCfg = Debug|x64
		{59FD8898-158C-4749-9CB6-3D738F26942E}.Debug|Any CPU.Build.0 = Debug|x64
		{59FD8898-158C-4749-9CB6-3D738F26942E}.Debug|x64.ActiveCfg = Debug|x64
		{59FD8898-158C-4749-9CB6-3D738F26942E}.Debug|x64.Build.0 = Debug|x64
		{59FD8898-158C-4749-9CB6-3D738F26942E}.Debug|x86.ActiveCfg = Debug|Win32
		{59FD8898-158C-4749-9CB6-3D738F26942E}.Debug|x86.Build.0 = Debug|Win32
		{59FD8898-158C-4749-9CB6-3D738F26942E}.Release|Any CPU.ActiveCfg = Release|x64
		{59FD8898-158C-4749-9CB6-3D738F26942E}.Release|Any CPU.Build.0 = Release|x64
		{59FD8898-158C-4749-9CB6-3D738F26942E}.Release|x64.ActiveCfg = Release|x64
		{59FD8898-158C-4749-9CB6-3D738F26942E}.Release|x64.Build.0 = Release|x64
		{59FD8898-158C-4749-9CB6-3D738F26942E}.Release|x86.ActiveCfg = Release|Win32
		{59FD8898-158C-4749-9CB6-3D738F26942E}.Release|x86.Build.0 = Release|Win32
		{4A627521-FB89-4CEA-8B37-183C8A4C156F}.Debug|Any CPU.ActiveCfg = Debug|x64
		{4A627521-FB89-4CEA-8B37-183C8A4C156F}.Debug|Any CPU.Build.0 = Debug|x64
		{4A627521-FB89-4CEA-8B37-183C8A4C156F}.Debug|x64.ActiveCfg = Debug|x64
		{4A627521-FB89-4CEA-8B37-183C8A4C156F}.Debug|x64.Build.0 = Debug|x64
		{4A627521-FB89-4CEA-8B37-183C8A4C156F}.Debug|x86.ActiveCfg = Debug|Win32
		{4A627521-FB89-4CEA-8B37-183C8A4C156F}.Debug|x86.Build.0 = Debug|Win32
		{4A627521-FB89-4CEA-8B37-183C8A4C156F}.Release|Any CPU.ActiveCfg = Release|x64
		{4A627521-FB89-4CEA-8B37-183C8A4C156F}.Release|Any CPU.Build.0 = Release|x64
		{4A627521-FB89-4CEA-8B37-183C8A4C156F}.Release|x64.ActiveCfg = Release|x64
		{4A627521-FB89-4CEA-8B37-183C8A4C156F}.Release|x64.Build.0 = Release|x64
		{4A627521-FB89-4CEA-8B37-183C8A4C156F}.Release|x86.ActiveCfg = Release|Win32
		{4A627521-FB89-4CEA-8B37-183C8A4C156F}.Release|x86.Build.0 = Release|Win32
		{7281613D-3665-4D12-88C2-A4AB9EBBE060}.Debug|Any CPU.ActiveCfg = Debug|x64
		{7281613D-3665-4D12-88C2-A4AB9EBBE060}.Debug|Any CPU.Build.0 = Debug|x64
		{7281613D-3665-4D12-88C2-A4AB9EBBE060}.Debug|x64.ActiveCfg = Debug|x64
		{7281613D-3665-4D12-88C2-A4AB9EBBE060}.Debug|x64.Build.0 = Debug|x64
		{7281613D-3665-4D12-88C2-A4AB9EBBE060}.Debug|x86.ActiveCfg = Debug|Win32
		{7281613D-3665-4D12-88C2-A4AB9EBBE060}.Debug|x86.Build.0 = Debug|Win32
		{7281613D-3665-4D12-88C2-A4AB9EBBE060}.Release|Any CPU.ActiveCfg = Release|x64
		{7281613D-3665-4D12-88C2-A4AB9EBBE060}.Release|Any CPU.Build.0 = Release|x64
		{7281613D-3665-4D12-88C2-A4AB9EBBE060}.Release|x64.ActiveCfg = Release|x64
		{7281613D-3665-4D12-88C2-A4AB9EBBE060}.Release|x64.Build.0 = Release|x64
		{7281613D-3665-4D12-88C2-A4AB9EBBE060}.Release|x86.ActiveCfg = Release|Win32
		{7281613D-3665-4D12-88C2-A4AB9EBBE060}.Release|x86.Build.0 = Release|Win32
		{52259D28-B5D1-44C8-81F4-C84094F6810F}.Debug|Any CPU.ActiveCfg = Debug|x64
		{52259D28-B5D1-44C8-81F4-C84094F6810F}.Debug|Any CPU.Build.0 = Debug|x64
		{52259D28-B5D1-44C8-81F4-C84094F6810F}.Debug|x64.ActiveCfg = Debug|x64
		{52259D28-B5D1-44C8-81F4-C84094F6810F}.Debug|x64.Build.0 = Debug|x64
		{52259D28-B5D1-44C8-81F4-C84094F6810F}.Debug|x86.ActiveCfg = Debug|Win32
		{52259D28-B5D1-44C8-81F4-C84094F6810F}.Debug|x86.Build.0 = Debug|Win32
		{52259D28-B5D1-44C8-81F4-C84094F6810F}.Release|Any CPU.ActiveCfg = Release|x64
		{52259D28-B5D1-44C8-81F4-C84094F6810F}.Release|Any CPU.Build.0 = Release|x64
		{52259D28-B5D1-44C8-81F4-C84094F6810F}.Release|x64.ActiveCfg = Release|x64
		{52259D28-B5D1-44C8-81F4-C84094F6810F}.Release|x64.Build.0 = Release|x64
		{52259D28-B5D1-44C8-81F4-C84094F6810F}.Release|x86.ActiveCfg = Release|Win32
		{52259D28-B5D1-44C8-81F4-C84094F6810F}.Release|x86.Build.0 = Release|Win32
		{CCABF2D5-EB05-475D-AAD8-C8DE7815CE40}.Debug|Any CPU.ActiveCfg = Debug|x64
		{CCABF2D5-EB05-475D-AAD8-C8DE7815CE40}.Debug|Any CPU.Build.0 = Debug|x64
		{CCABF2D5-EB05-475D-AAD8-C8DE7815CE40}.Debug|x64.ActiveCfg = Debug|x64
		{CCABF2D5-EB05-475D-AAD8-C8DE7815CE40}.Debug|x64.Build.0 = Debug|x64
		{CCABF2D5-EB05-475D-AAD8-C8DE7815CE40}.Debug|x86.ActiveCfg = Debug|Win32
		{CCABF2D5-EB05-475D-AAD8-C8DE7815CE40}.Debug|x86.Build.0 = Debug|Win32
		{CCABF2D5-EB05-475D-AAD8-C8DE7815CE40}.Release|Any CPU.ActiveCfg = Release|x64
		{CCABF2D5-EB05-475D-AAD8-C8DE7815CE40}.Release|Any CPU.Build.0 = Release|x64
		{CCABF2D5-EB05-475D-AAD8-C8DE7815CE40}.Release|x64.ActiveCfg = Release|x64
		{CCABF2D5-EB05-475D-AAD8-C8DE7815CE40}.Release|x64.Build.0 = Release|x64
		{CCABF2D5-EB05-475D-AAD8-C8DE7815CE40}.Release|x86.ActiveCfg = Release|Win32
		{CCABF2D5-EB05-475D-AAD8-C8DE7815CE40}.Release|x86.Build.0 = Release|Win32
		{1B029FF0-F198-4A91-B2C4-29872C5D2DCE}.Debug|Any CPU.ActiveCfg = Debug|x64
		{1B029FF0-F198-4A91-B2C4-29872C5D2DCE}.Debug|Any CPU.Build.0 = Debug|x64
		{1B029FF0-F198-4A91-B2C4-29872C5D2DCE}.Debug|x64.ActiveCfg = Debug|x64
		{1B029FF0-F198-4A91-B2C4-29872C5D2DCE}.Debug|x64.Build.0 = Debug|x64
		{1B029FF0-F198-4A91-B2C4-29872C5D2DCE}.Debug|x86.ActiveCfg = Debug|Win32
		{1B029FF0-F198-4A91-B2C4-29872C5D2DCE}.Debug|x86.Build.0 = Debug|Win32
		{1B029FF0-F198-4A91-B2C4-29872C5D2DCE}.Release|Any CPU.ActiveCfg = Release|x64
		{1B029FF0-F198-4A91-B2C4-29872C5D2DCE}.Release|Any CPU.Build.0 = Release|x64
		{1B029FF0-F198-4A91-B2C4-29872C5D2DCE}.Release|x64.ActiveCfg = Release|x64
		{1B029FF0-F198-4A91-B2C4-29872C5D2DCE}.Release|x64.Build.0 = Release|x64
		{1B029FF0-F198-4A91-B2C4-29872C5D2DCE}.Release|x86.ActiveCfg = Release|Win32
		{1B029FF0-F198-4A91-B2C4-29872C5D2DCE}.Release|x86.Build.0 = Release|Win32
		{2461B664-FBF5-4C16-A55C-2E049DB6C82E}.Debug|Any CPU.ActiveCfg = Debug|x64
		{2461B664-FBF5-4C16-A55C-2E049DB6C82E}.Debug|Any CPU.Build.0 = Debug|x64
		{2461B664-FBF5-4C16-A55C-2E049DB6C82E}.Debug|x64.ActiveCfg = Debug|x64
		{2461B664-FBF5-4C16-A55C-2E049DB6C82E}.Debug|x64.Build.0 = Debug|x64
		{2461B664-FBF5-4C16-A55C-2E049DB6C82E}.Debug|x86.ActiveCfg = Debug|Win32
		{2461B664-FBF5-4C16-A55C-2E049DB6C82E}.Debug|x86.Build.0 = Debug|Win32
		{2461B664-FBF5-4C16-A55C-2E049DB6C82E}.Release|Any CPU.ActiveCfg = Release|x64
		{2461B664-FBF5-4C16-A55C-2E049DB6C82E}.Release|Any CPU.Build.0 = Release|x64
		{2461B664-FBF5-4C16-A55C-2E049DB6C82E}.Release|x64.ActiveCfg = Release|x64
		{2461B664-FBF5-4C16-A55C-2E049DB6C82E}.Release|x64.Build.0 = Release|x64
		{2461B664-FBF5-4C16-A55C-2E049DB6C82E}.Release|x86.ActiveCfg = Release|Win32
		{2461B664-FBF5-4C16-A55C-2E049DB6C82E}.Release|x86.Build.0 = Release|Win32
		{3C693955-C62C-4F08-989D-1AD925A19E78}.Debug|Any CPU.ActiveCfg = Debug|x64
		{3C693955-C62C-4F08-989D-1AD925A19E78}.Debug|Any CPU.Build.0 = Debug|x64
		{3C693955-C62C-4F08-989D-1AD925A19E78}.Debug|x64.ActiveCfg = Debug|x64
		{3C693955-C62C-4F08-989D-1AD925A19E78}.Debug|x64.Build.0 = Debug|x64
		{3C693955-C62C-4F08-989D-1AD925A19E78}.Debug|x86.ActiveCfg = Debug|Win32
		{3C693955-C62C-4F08-989D-1AD925A19E78}.Debug|x86.Build.0 = Debug|Win32
		{3C693955-C62C-4F08-989D-1AD925A19E78}.Release|Any CPU.ActiveCfg = Release|x64
		{3C693955-C62C-4F08-989D-1AD925A19E78}.Release|Any CPU.Build.0 = Release|x64
		{3C693955-C62C-4F08-989D-1AD925A19E78}.Release|x64.ActiveCfg = Release|x64
		{3C693955-C62C-4F08-989D-1AD925A19E78}.Release|x64.Build.0 = Release|x64
		{3C693955-C62C-4F08-989D-1AD925A19E78}.Release|x86.ActiveCfg = Release|Win32
		{3C693955-C62C-4F08-989D-1AD925A19E78}.Release|x86.Build.0 = Release|Win32
		{3BDA9EDF-7668-433F-A118-3D81F436A2C8}.Debug|Any CPU.ActiveCfg = Debug|x64
		{3BDA9EDF-7668-433F-A118-3D81F436A2C8}.Debug|Any CPU.Build.0 = Debug|x64
		{3BDA9EDF-7668-433F-A118-3D81F436A2C8}.Debug|x64.ActiveCfg = Debug|x64
		{3BDA9EDF-7668-433F-A118-3D81F436A2C8}.Debug|x64.Build.0 = Debug|x64
		{3BDA9EDF-7668-433F-A118-3D81F436A2C8}.Debug|x86.ActiveCfg = Debug|Win32
		{3BDA9EDF-7668-433F-A118-3D81F436A2C8}.Debug|x86.Build.0 = Debug|Win32
		{3BDA9EDF-7668-433F-A118-3D81F436A2C8}.Release|Any CPU.ActiveCfg = Release|x64
		{3BDA9EDF-7668-433F-A118-3D81F436A2C8}.Release|Any CPU.Build.0 = Release|x64
		{3BDA9EDF-7668-433F-A118-3D81F436A2C8}.Release|x64.ActiveCfg = Release|x64
		{3BDA9EDF-7668-433F-A118-3D81F436A2C8}.Release|x64.Build.0 = Release|x64
		{3BDA9EDF-7668-433F-A118-3D81F436A2C8}.Release|x86.ActiveCfg = Release|Win32
		{3BDA9EDF-7668-433F-A118-3D81F436A2C8}.Release|x86.Build.0 = Release|Win32
	EndGlobalSection
	GlobalSection(SolutionProperties) = preSolution
		HideSolutionNode = FALSE
	EndGlobalSection
	GlobalSection(ExtensibilityGlobals) = postSolution
		SolutionGuid = {DD7331CE-A8CC-44A6-ADDD-5A54F247774D}
	EndGlobalSection
EndGlobal
