
Microsoft Visual Studio Solution File, Format Version 12.00
# Visual Studio Version 17
VisualStudioVersion = 17.14.36109.1
MinimumVisualStudioVersion = 10.0.40219.1
Project("{8BC9CEB8-8B4A-11D0-8D11-00A0C91BC942}") = "01_intro_to_Cplusplus", "01_intro_to_Cplusplus\01_intro_to_Cplusplus.vcxproj", "{DD255C86-B706-4235-BFBC-7B1C222A6E81}"
EndProject
Project("{8BC9CEB8-8B4A-11D0-8D11-00A0C91BC942}") = "02_data_type", "02_data_type\02_data_type.vcxproj", "{45DC153F-274A-438A-821D-AE313592B27E}"
EndProject
Project("{8BC9CEB8-8B4A-11D0-8D11-00A0C91BC942}") = "03_operators.cpp", "03_operators.cpp\03_operators.cpp.vcxproj", "{160D06C6-390D-4B3F-9957-BD1C21E68441}"
EndProject
Project("{8BC9CEB8-8B4A-11D0-8D11-00A0C91BC942}") = "03_practice.cpp", "03_practice.cpp\03_practice.cpp.vcxproj", "{533F1881-0C7F-48B0-9736-D879AD9B81F2}"
EndProject
Project("{8BC9CEB8-8B4A-11D0-8D11-00A0C91BC942}") = "04_enum_hookles.cpp", "04_enum_hookles.cpp\04_enum_hookles.cpp.vcxproj", "{4F05FE2E-3847-4162-AD19-7DA89DED70E0}"
EndProject
Project("{8BC9CEB8-8B4A-11D0-8D11-00A0C91BC942}") = "04_practice", "04_practice\04_practice.vcxproj", "{90FF7C6F-13B6-4019-B861-F1C544FE24E1}"
EndProject
Project("{8BC9CEB8-8B4A-11D0-8D11-00A0C91BC942}") = "05_include_cycles", "04_include_cycles\04_include_cycles.vcxproj", "{5125D853-9BB4-48CB-9D31-8C6DCDCAB4E5}"
EndProject
Project("{8BC9CEB8-8B4A-11D0-8D11-00A0C91BC942}") = "05_practice", "05_practice\05_practice.vcxproj", "{DAEBB4DD-6DED-41A7-BF4D-06B38F177F51}"
EndProject
Project("{8BC9CEB8-8B4A-11D0-8D11-00A0C91BC942}") = "06_masivs.html", "06_masivs.html\06_masivs.html.vcxproj", "{E7219031-B5A9-46E8-946D-448B86C050E0}"
EndProject
Project("{8BC9CEB8-8B4A-11D0-8D11-00A0C91BC942}") = "06_practice.cpp", "06_practice.cpp\06_practice.cpp.vcxproj", "{C3CC9EE0-AF9F-4C40-BB0E-E2DA91FCCF17}"
EndProject
Project("{8BC9CEB8-8B4A-11D0-8D11-00A0C91BC942}") = "06_practicec", "06_practicec\06_practicec.vcxproj", "{A2C5AC86-2FE2-4AF6-9185-98D17A0517FE}"
EndProject
Project("{8BC9CEB8-8B4A-11D0-8D11-00A0C91BC942}") = "08_function", "08_function\08_function.vcxproj", "{4F90C967-BD4E-4A43-99DA-8DD407C17E1C}"
EndProject
Project("{8BC9CEB8-8B4A-11D0-8D11-00A0C91BC942}") = "08_practice", "08_practice\08_practice.vcxproj", "{EA9B0D10-41F4-44C6-8387-C095662493AA}"
EndProject
Global
	GlobalSection(SolutionConfigurationPlatforms) = preSolution
		Debug|Any CPU = Debug|Any CPU
		Debug|x64 = Debug|x64
		Debug|x86 = Debug|x86
		Release|Any CPU = Release|Any CPU
		Release|x64 = Release|x64
		Release|x86 = Release|x86
	EndGlobalSection
	GlobalSection(ProjectConfigurationPlatforms) = postSolution
		{DD255C86-B706-4235-BFBC-7B1C222A6E81}.Debug|Any CPU.ActiveCfg = Debug|x64
		{DD255C86-B706-4235-BFBC-7B1C222A6E81}.Debug|Any CPU.Build.0 = Debug|x64
		{DD255C86-B706-4235-BFBC-7B1C222A6E81}.Debug|x64.ActiveCfg = Debug|x64
		{DD255C86-B706-4235-BFBC-7B1C222A6E81}.Debug|x64.Build.0 = Debug|x64
		{DD255C86-B706-4235-BFBC-7B1C222A6E81}.Debug|x86.ActiveCfg = Debug|Win32
		{DD255C86-B706-4235-BFBC-7B1C222A6E81}.Debug|x86.Build.0 = Debug|Win32
		{DD255C86-B706-4235-BFBC-7B1C222A6E81}.Release|Any CPU.ActiveCfg = Release|x64
		{DD255C86-B706-4235-BFBC-7B1C222A6E81}.Release|Any CPU.Build.0 = Release|x64
		{DD255C86-B706-4235-BFBC-7B1C222A6E81}.Release|x64.ActiveCfg = Release|x64
		{DD255C86-B706-4235-BFBC-7B1C222A6E81}.Release|x64.Build.0 = Release|x64
		{DD255C86-B706-4235-BFBC-7B1C222A6E81}.Release|x86.ActiveCfg = Release|Win32
		{DD255C86-B706-4235-BFBC-7B1C222A6E81}.Release|x86.Build.0 = Release|Win32
		{45DC153F-274A-438A-821D-AE313592B27E}.Debug|Any CPU.ActiveCfg = Debug|x64
		{45DC153F-274A-438A-821D-AE313592B27E}.Debug|Any CPU.Build.0 = Debug|x64
		{45DC153F-274A-438A-821D-AE313592B27E}.Debug|x64.ActiveCfg = Debug|x64
		{45DC153F-274A-438A-821D-AE313592B27E}.Debug|x64.Build.0 = Debug|x64
		{45DC153F-274A-438A-821D-AE313592B27E}.Debug|x86.ActiveCfg = Debug|Win32
		{45DC153F-274A-438A-821D-AE313592B27E}.Debug|x86.Build.0 = Debug|Win32
		{45DC153F-274A-438A-821D-AE313592B27E}.Release|Any CPU.ActiveCfg = Release|x64
		{45DC153F-274A-438A-821D-AE313592B27E}.Release|Any CPU.Build.0 = Release|x64
		{45DC153F-274A-438A-821D-AE313592B27E}.Release|x64.ActiveCfg = Release|x64
		{45DC153F-274A-438A-821D-AE313592B27E}.Release|x64.Build.0 = Release|x64
		{45DC153F-274A-438A-821D-AE313592B27E}.Release|x86.ActiveCfg = Release|Win32
		{45DC153F-274A-438A-821D-AE313592B27E}.Release|x86.Build.0 = Release|Win32
		{160D06C6-390D-4B3F-9957-BD1C21E68441}.Debug|Any CPU.ActiveCfg = Debug|x64
		{160D06C6-390D-4B3F-9957-BD1C21E68441}.Debug|Any CPU.Build.0 = Debug|x64
		{160D06C6-390D-4B3F-9957-BD1C21E68441}.Debug|x64.ActiveCfg = Debug|x64
		{160D06C6-390D-4B3F-9957-BD1C21E68441}.Debug|x64.Build.0 = Debug|x64
		{160D06C6-390D-4B3F-9957-BD1C21E68441}.Debug|x86.ActiveCfg = Debug|Win32
		{160D06C6-390D-4B3F-9957-BD1C21E68441}.Debug|x86.Build.0 = Debug|Win32
		{160D06C6-390D-4B3F-9957-BD1C21E68441}.Release|Any CPU.ActiveCfg = Release|x64
		{160D06C6-390D-4B3F-9957-BD1C21E68441}.Release|Any CPU.Build.0 = Release|x64
		{160D06C6-390D-4B3F-9957-BD1C21E68441}.Release|x64.ActiveCfg = Release|x64
		{160D06C6-390D-4B3F-9957-BD1C21E68441}.Release|x64.Build.0 = Release|x64
		{160D06C6-390D-4B3F-9957-BD1C21E68441}.Release|x86.ActiveCfg = Release|Win32
		{160D06C6-390D-4B3F-9957-BD1C21E68441}.Release|x86.Build.0 = Release|Win32
		{533F1881-0C7F-48B0-9736-D879AD9B81F2}.Debug|Any CPU.ActiveCfg = Debug|x64
		{533F1881-0C7F-48B0-9736-D879AD9B81F2}.Debug|Any CPU.Build.0 = Debug|x64
		{533F1881-0C7F-48B0-9736-D879AD9B81F2}.Debug|x64.ActiveCfg = Debug|x64
		{533F1881-0C7F-48B0-9736-D879AD9B81F2}.Debug|x64.Build.0 = Debug|x64
		{533F1881-0C7F-48B0-9736-D879AD9B81F2}.Debug|x86.ActiveCfg = Debug|Win32
		{533F1881-0C7F-48B0-9736-D879AD9B81F2}.Debug|x86.Build.0 = Debug|Win32
		{533F1881-0C7F-48B0-9736-D879AD9B81F2}.Release|Any CPU.ActiveCfg = Release|x64
		{533F1881-0C7F-48B0-9736-D879AD9B81F2}.Release|Any CPU.Build.0 = Release|x64
		{533F1881-0C7F-48B0-9736-D879AD9B81F2}.Release|x64.ActiveCfg = Release|x64
		{533F1881-0C7F-48B0-9736-D879AD9B81F2}.Release|x64.Build.0 = Release|x64
		{533F1881-0C7F-48B0-9736-D879AD9B81F2}.Release|x86.ActiveCfg = Release|Win32
		{533F1881-0C7F-48B0-9736-D879AD9B81F2}.Release|x86.Build.0 = Release|Win32
		{4F05FE2E-3847-4162-AD19-7DA89DED70E0}.Debug|Any CPU.ActiveCfg = Debug|x64
		{4F05FE2E-3847-4162-AD19-7DA89DED70E0}.Debug|Any CPU.Build.0 = Debug|x64
		{4F05FE2E-3847-4162-AD19-7DA89DED70E0}.Debug|x64.ActiveCfg = Debug|x64
		{4F05FE2E-3847-4162-AD19-7DA89DED70E0}.Debug|x64.Build.0 = Debug|x64
		{4F05FE2E-3847-4162-AD19-7DA89DED70E0}.Debug|x86.ActiveCfg = Debug|Win32
		{4F05FE2E-3847-4162-AD19-7DA89DED70E0}.Debug|x86.Build.0 = Debug|Win32
		{4F05FE2E-3847-4162-AD19-7DA89DED70E0}.Release|Any CPU.ActiveCfg = Release|x64
		{4F05FE2E-3847-4162-AD19-7DA89DED70E0}.Release|Any CPU.Build.0 = Release|x64
		{4F05FE2E-3847-4162-AD19-7DA89DED70E0}.Release|x64.ActiveCfg = Release|x64
		{4F05FE2E-3847-4162-AD19-7DA89DED70E0}.Release|x64.Build.0 = Release|x64
		{4F05FE2E-3847-4162-AD19-7DA89DED70E0}.Release|x86.ActiveCfg = Release|Win32
		{4F05FE2E-3847-4162-AD19-7DA89DED70E0}.Release|x86.Build.0 = Release|Win32
		{90FF7C6F-13B6-4019-B861-F1C544FE24E1}.Debug|Any CPU.ActiveCfg = Debug|x64
		{90FF7C6F-13B6-4019-B861-F1C544FE24E1}.Debug|Any CPU.Build.0 = Debug|x64
		{90FF7C6F-13B6-4019-B861-F1C544FE24E1}.Debug|x64.ActiveCfg = Debug|x64
		{90FF7C6F-13B6-4019-B861-F1C544FE24E1}.Debug|x64.Build.0 = Debug|x64
		{90FF7C6F-13B6-4019-B861-F1C544FE24E1}.Debug|x86.ActiveCfg = Debug|Win32
		{90FF7C6F-13B6-4019-B861-F1C544FE24E1}.Debug|x86.Build.0 = Debug|Win32
		{90FF7C6F-13B6-4019-B861-F1C544FE24E1}.Release|Any CPU.ActiveCfg = Release|x64
		{90FF7C6F-13B6-4019-B861-F1C544FE24E1}.Release|Any CPU.Build.0 = Release|x64
		{90FF7C6F-13B6-4019-B861-F1C544FE24E1}.Release|x64.ActiveCfg = Release|x64
		{90FF7C6F-13B6-4019-B861-F1C544FE24E1}.Release|x64.Build.0 = Release|x64
		{90FF7C6F-13B6-4019-B861-F1C544FE24E1}.Release|x86.ActiveCfg = Release|Win32
		{90FF7C6F-13B6-4019-B861-F1C544FE24E1}.Release|x86.Build.0 = Release|Win32
		{5125D853-9BB4-48CB-9D31-8C6DCDCAB4E5}.Debug|Any CPU.ActiveCfg = Debug|x64
		{5125D853-9BB4-48CB-9D31-8C6DCDCAB4E5}.Debug|Any CPU.Build.0 = Debug|x64
		{5125D853-9BB4-48CB-9D31-8C6DCDCAB4E5}.Debug|x64.ActiveCfg = Debug|x64
		{5125D853-9BB4-48CB-9D31-8C6DCDCAB4E5}.Debug|x64.Build.0 = Debug|x64
		{5125D853-9BB4-48CB-9D31-8C6DCDCAB4E5}.Debug|x86.ActiveCfg = Debug|Win32
		{5125D853-9BB4-48CB-9D31-8C6DCDCAB4E5}.Debug|x86.Build.0 = Debug|Win32
		{5125D853-9BB4-48CB-9D31-8C6DCDCAB4E5}.Release|Any CPU.ActiveCfg = Release|x64
		{5125D853-9BB4-48CB-9D31-8C6DCDCAB4E5}.Release|Any CPU.Build.0 = Release|x64
		{5125D853-9BB4-48CB-9D31-8C6DCDCAB4E5}.Release|x64.ActiveCfg = Release|x64
		{5125D853-9BB4-48CB-9D31-8C6DCDCAB4E5}.Release|x64.Build.0 = Release|x64
		{5125D853-9BB4-48CB-9D31-8C6DCDCAB4E5}.Release|x86.ActiveCfg = Release|Win32
		{5125D853-9BB4-48CB-9D31-8C6DCDCAB4E5}.Release|x86.Build.0 = Release|Win32
		{DAEBB4DD-6DED-41A7-BF4D-06B38F177F51}.Debug|Any CPU.ActiveCfg = Debug|x64
		{DAEBB4DD-6DED-41A7-BF4D-06B38F177F51}.Debug|Any CPU.Build.0 = Debug|x64
		{DAEBB4DD-6DED-41A7-BF4D-06B38F177F51}.Debug|x64.ActiveCfg = Debug|x64
		{DAEBB4DD-6DED-41A7-BF4D-06B38F177F51}.Debug|x64.Build.0 = Debug|x64
		{DAEBB4DD-6DED-41A7-BF4D-06B38F177F51}.Debug|x86.ActiveCfg = Debug|Win32
		{DAEBB4DD-6DED-41A7-BF4D-06B38F177F51}.Debug|x86.Build.0 = Debug|Win32
		{DAEBB4DD-6DED-41A7-BF4D-06B38F177F51}.Release|Any CPU.ActiveCfg = Release|x64
		{DAEBB4DD-6DED-41A7-BF4D-06B38F177F51}.Release|Any CPU.Build.0 = Release|x64
		{DAEBB4DD-6DED-41A7-BF4D-06B38F177F51}.Release|x64.ActiveCfg = Release|x64
		{DAEBB4DD-6DED-41A7-BF4D-06B38F177F51}.Release|x64.Build.0 = Release|x64
		{DAEBB4DD-6DED-41A7-BF4D-06B38F177F51}.Release|x86.ActiveCfg = Release|Win32
		{DAEBB4DD-6DED-41A7-BF4D-06B38F177F51}.Release|x86.Build.0 = Release|Win32
		{E7219031-B5A9-46E8-946D-448B86C050E0}.Debug|Any CPU.ActiveCfg = Debug|x64
		{E7219031-B5A9-46E8-946D-448B86C050E0}.Debug|Any CPU.Build.0 = Debug|x64
		{E7219031-B5A9-46E8-946D-448B86C050E0}.Debug|x64.ActiveCfg = Debug|x64
		{E7219031-B5A9-46E8-946D-448B86C050E0}.Debug|x64.Build.0 = Debug|x64
		{E7219031-B5A9-46E8-946D-448B86C050E0}.Debug|x86.ActiveCfg = Debug|Win32
		{E7219031-B5A9-46E8-946D-448B86C050E0}.Debug|x86.Build.0 = Debug|Win32
		{E7219031-B5A9-46E8-946D-448B86C050E0}.Release|Any CPU.ActiveCfg = Release|x64
		{E7219031-B5A9-46E8-946D-448B86C050E0}.Release|Any CPU.Build.0 = Release|x64
		{E7219031-B5A9-46E8-946D-448B86C050E0}.Release|x64.ActiveCfg = Release|x64
		{E7219031-B5A9-46E8-946D-448B86C050E0}.Release|x64.Build.0 = Release|x64
		{E7219031-B5A9-46E8-946D-448B86C050E0}.Release|x86.ActiveCfg = Release|Win32
		{E7219031-B5A9-46E8-946D-448B86C050E0}.Release|x86.Build.0 = Release|Win32
		{C3CC9EE0-AF9F-4C40-BB0E-E2DA91FCCF17}.Debug|Any CPU.ActiveCfg = Debug|x64
		{C3CC9EE0-AF9F-4C40-BB0E-E2DA91FCCF17}.Debug|Any CPU.Build.0 = Debug|x64
		{C3CC9EE0-AF9F-4C40-BB0E-E2DA91FCCF17}.Debug|x64.ActiveCfg = Debug|x64
		{C3CC9EE0-AF9F-4C40-BB0E-E2DA91FCCF17}.Debug|x64.Build.0 = Debug|x64
		{C3CC9EE0-AF9F-4C40-BB0E-E2DA91FCCF17}.Debug|x86.ActiveCfg = Debug|Win32
		{C3CC9EE0-AF9F-4C40-BB0E-E2DA91FCCF17}.Debug|x86.Build.0 = Debug|Win32
		{C3CC9EE0-AF9F-4C40-BB0E-E2DA91FCCF17}.Release|Any CPU.ActiveCfg = Release|x64
		{C3CC9EE0-AF9F-4C40-BB0E-E2DA91FCCF17}.Release|Any CPU.Build.0 = Release|x64
		{C3CC9EE0-AF9F-4C40-BB0E-E2DA91FCCF17}.Release|x64.ActiveCfg = Release|x64
		{C3CC9EE0-AF9F-4C40-BB0E-E2DA91FCCF17}.Release|x64.Build.0 = Release|x64
		{C3CC9EE0-AF9F-4C40-BB0E-E2DA91FCCF17}.Release|x86.ActiveCfg = Release|Win32
		{C3CC9EE0-AF9F-4C40-BB0E-E2DA91FCCF17}.Release|x86.Build.0 = Release|Win32
		{A2C5AC86-2FE2-4AF6-9185-98D17A0517FE}.Debug|Any CPU.ActiveCfg = Debug|x64
		{A2C5AC86-2FE2-4AF6-9185-98D17A0517FE}.Debug|Any CPU.Build.0 = Debug|x64
		{A2C5AC86-2FE2-4AF6-9185-98D17A0517FE}.Debug|x64.ActiveCfg = Debug|x64
		{A2C5AC86-2FE2-4AF6-9185-98D17A0517FE}.Debug|x64.Build.0 = Debug|x64
		{A2C5AC86-2FE2-4AF6-9185-98D17A0517FE}.Debug|x86.ActiveCfg = Debug|Win32
		{A2C5AC86-2FE2-4AF6-9185-98D17A0517FE}.Debug|x86.Build.0 = Debug|Win32
		{A2C5AC86-2FE2-4AF6-9185-98D17A0517FE}.Release|Any CPU.ActiveCfg = Release|x64
		{A2C5AC86-2FE2-4AF6-9185-98D17A0517FE}.Release|Any CPU.Build.0 = Release|x64
		{A2C5AC86-2FE2-4AF6-9185-98D17A0517FE}.Release|x64.ActiveCfg = Release|x64
		{A2C5AC86-2FE2-4AF6-9185-98D17A0517FE}.Release|x64.Build.0 = Release|x64
		{A2C5AC86-2FE2-4AF6-9185-98D17A0517FE}.Release|x86.ActiveCfg = Release|Win32
		{A2C5AC86-2FE2-4AF6-9185-98D17A0517FE}.Release|x86.Build.0 = Release|Win32
		{4F90C967-BD4E-4A43-99DA-8DD407C17E1C}.Debug|Any CPU.ActiveCfg = Debug|x64
		{4F90C967-BD4E-4A43-99DA-8DD407C17E1C}.Debug|Any CPU.Build.0 = Debug|x64
		{4F90C967-BD4E-4A43-99DA-8DD407C17E1C}.Debug|x64.ActiveCfg = Debug|x64
		{4F90C967-BD4E-4A43-99DA-8DD407C17E1C}.Debug|x64.Build.0 = Debug|x64
		{4F90C967-BD4E-4A43-99DA-8DD407C17E1C}.Debug|x86.ActiveCfg = Debug|Win32
		{4F90C967-BD4E-4A43-99DA-8DD407C17E1C}.Debug|x86.Build.0 = Debug|Win32
		{4F90C967-BD4E-4A43-99DA-8DD407C17E1C}.Release|Any CPU.ActiveCfg = Release|x64
		{4F90C967-BD4E-4A43-99DA-8DD407C17E1C}.Release|Any CPU.Build.0 = Release|x64
		{4F90C967-BD4E-4A43-99DA-8DD407C17E1C}.Release|x64.ActiveCfg = Release|x64
		{4F90C967-BD4E-4A43-99DA-8DD407C17E1C}.Release|x64.Build.0 = Release|x64
		{4F90C967-BD4E-4A43-99DA-8DD407C17E1C}.Release|x86.ActiveCfg = Release|Win32
		{4F90C967-BD4E-4A43-99DA-8DD407C17E1C}.Release|x86.Build.0 = Release|Win32
		{EA9B0D10-41F4-44C6-8387-C095662493AA}.Debug|Any CPU.ActiveCfg = Debug|x64
		{EA9B0D10-41F4-44C6-8387-C095662493AA}.Debug|Any CPU.Build.0 = Debug|x64
		{EA9B0D10-41F4-44C6-8387-C095662493AA}.Debug|x64.ActiveCfg = Debug|x64
		{EA9B0D10-41F4-44C6-8387-C095662493AA}.Debug|x64.Build.0 = Debug|x64
		{EA9B0D10-41F4-44C6-8387-C095662493AA}.Debug|x86.ActiveCfg = Debug|Win32
		{EA9B0D10-41F4-44C6-8387-C095662493AA}.Debug|x86.Build.0 = Debug|Win32
		{EA9B0D10-41F4-44C6-8387-C095662493AA}.Release|Any CPU.ActiveCfg = Release|x64
		{EA9B0D10-41F4-44C6-8387-C095662493AA}.Release|Any CPU.Build.0 = Release|x64
		{EA9B0D10-41F4-44C6-8387-C095662493AA}.Release|x64.ActiveCfg = Release|x64
		{EA9B0D10-41F4-44C6-8387-C095662493AA}.Release|x64.Build.0 = Release|x64
		{EA9B0D10-41F4-44C6-8387-C095662493AA}.Release|x86.ActiveCfg = Release|Win32
		{EA9B0D10-41F4-44C6-8387-C095662493AA}.Release|x86.Build.0 = Release|Win32
	EndGlobalSection
	GlobalSection(SolutionProperties) = preSolution
		HideSolutionNode = FALSE
	EndGlobalSection
	GlobalSection(ExtensibilityGlobals) = postSolution
		SolutionGuid = {DD7331CE-A8CC-44A6-ADDD-5A54F247774D}
	EndGlobalSection
EndGlobal
